
Microsoft Visual Studio Solution File, Format Version 11.00
# Visual Studio 2010
Project("{FAE04EC0-301F-11D3-BF4B-00C04F79EFBC}") = "Bouncy Ball Racers", "Assembly-CSharp.csproj", "{4ED6B5E2-DCD6-1669-112E-4910063A4DBF}"
EndProject
Project("{FAE04EC0-301F-11D3-BF4B-00C04F79EFBC}") = "Bouncy Ball Racers", "Assembly-CSharp-Editor.csproj", "{515AB9B0-3251-370F-B1F6-C97AB61E2AB0}"
EndProject
Global
	GlobalSection(SolutionConfigurationPlatforms) = preSolution
		Debug|Any CPU = Debug|Any CPU
		Release|Any CPU = Release|Any CPU
	EndGlobalSection
	GlobalSection(ProjectConfigurationPlatforms) = postSolution
		{4ED6B5E2-DCD6-1669-112E-4910063A4DBF}.Debug|Any CPU.ActiveCfg = Debug|Any CPU
		{4ED6B5E2-DCD6-1669-112E-4910063A4DBF}.Debug|Any CPU.Build.0 = Debug|Any CPU
		{4ED6B5E2-DCD6-1669-112E-4910063A4DBF}.Release|Any CPU.ActiveCfg = Release|Any CPU
		{4ED6B5E2-DCD6-1669-112E-4910063A4DBF}.Release|Any CPU.Build.0 = Release|Any CPU
		{515AB9B0-3251-370F-B1F6-C97AB61E2AB0}.Debug|Any CPU.ActiveCfg = Debug|Any CPU
		{515AB9B0-3251-370F-B1F6-C97AB61E2AB0}.Debug|Any CPU.Build.0 = Debug|Any CPU
		{515AB9B0-3251-370F-B1F6-C97AB61E2AB0}.Release|Any CPU.ActiveCfg = Release|Any CPU
		{515AB9B0-3251-370F-B1F6-C97AB61E2AB0}.Release|Any CPU.Build.0 = Release|Any CPU
	EndGlobalSection
	GlobalSection(SolutionProperties) = preSolution
		HideSolutionNode = FALSE
	EndGlobalSection
	GlobalSection(MonoDevelopProperties) = preSolution
		StartupItem = Assembly-CSharp.csproj
	EndGlobalSection
EndGlobal
